
Microsoft Visual Studio Solution File, Format Version 12.00
# Visual Studio Version 16
VisualStudioVersion = 16.0.31205.134
MinimumVisualStudioVersion = 10.0.40219.1
Project("{FAE04EC0-301F-11D3-BF4B-00C04F79EFBC}") = "hw15", "hw15\hw15.csproj", "{DA712BFB-9D04-494B-A5EB-6303DA5EF8AE}"
EndProject
Global
	GlobalSection(SolutionConfigurationPlatforms) = preSolution
		Debug|Any CPU = Debug|Any CPU
		Release|Any CPU = Release|Any CPU
	EndGlobalSection
	GlobalSection(ProjectConfigurationPlatforms) = postSolution
		{DA712BFB-9D04-494B-A5EB-6303DA5EF8AE}.Debug|Any CPU.ActiveCfg = Debug|Any CPU
		{DA712BFB-9D04-494B-A5EB-6303DA5EF8AE}.Debug|Any CPU.Build.0 = Debug|Any CPU
		{DA712BFB-9D04-494B-A5EB-6303DA5EF8AE}.Release|Any CPU.ActiveCfg = Release|Any CPU
		{DA712BFB-9D04-494B-A5EB-6303DA5EF8AE}.Release|Any CPU.Build.0 = Release|Any CPU
	EndGlobalSection
	GlobalSection(SolutionProperties) = preSolution
		HideSolutionNode = FALSE
	EndGlobalSection
	GlobalSection(ExtensibilityGlobals) = postSolution
		SolutionGuid = {33D52D25-1840-47E6-88F5-8348B6A62748}
	EndGlobalSection
EndGlobal
